
Microsoft Visual Studio Solution File, Format Version 12.00
# Visual Studio 15
VisualStudioVersion = 15.0.27428.2015
MinimumVisualStudioVersion = 10.0.40219.1
Project("{FAE04EC0-301F-11D3-BF4B-00C04F79EFBC}") = "WebApplication1", "WebApplication1\WebApplication1.csproj", "{CC0997F7-70A4-4451-A003-5BD70159C29E}"
EndProject
Global
	GlobalSection(SolutionConfigurationPlatforms) = preSolution
		Debug|Any CPU = Debug|Any CPU
		Release|Any CPU = Release|Any CPU
	EndGlobalSection
	GlobalSection(ProjectConfigurationPlatforms) = postSolution
		{CC0997F7-70A4-4451-A003-5BD70159C29E}.Debug|Any CPU.ActiveCfg = Debug|Any CPU
		{CC0997F7-70A4-4451-A003-5BD70159C29E}.Debug|Any CPU.Build.0 = Debug|Any CPU
		{CC0997F7-70A4-4451-A003-5BD70159C29E}.Release|Any CPU.ActiveCfg = Release|Any CPU
		{CC0997F7-70A4-4451-A003-5BD70159C29E}.Release|Any CPU.Build.0 = Release|Any CPU
	EndGlobalSection
	GlobalSection(SolutionProperties) = preSolution
		HideSolutionNode = FALSE
	EndGlobalSection
	GlobalSection(ExtensibilityGlobals) = postSolution
		SolutionGuid = {5A86E6BD-9F37-4E5B-8A2D-C6F34C8D9A1C}
	EndGlobalSection
EndGlobal
